
Microsoft Visual Studio Solution File, Format Version 12.00
# Visual Studio Version 17
VisualStudioVersion = 17.1.32210.238
MinimumVisualStudioVersion = 10.0.40219.1
Project("{FAE04EC0-301F-11D3-BF4B-00C04F79EFBC}") = "ReponseChracterSystemV2", "ReponseChracterSystemV2\ReponseChracterSystemV2.csproj", "{C24C7150-AB2B-4C21-9769-44BFC6A99BF2}"
EndProject
Global
	GlobalSection(SolutionConfigurationPlatforms) = preSolution
		Debug|Any CPU = Debug|Any CPU
		Release|Any CPU = Release|Any CPU
	EndGlobalSection
	GlobalSection(ProjectConfigurationPlatforms) = postSolution
		{C24C7150-AB2B-4C21-9769-44BFC6A99BF2}.Debug|Any CPU.ActiveCfg = Debug|Any CPU
		{C24C7150-AB2B-4C21-9769-44BFC6A99BF2}.Debug|Any CPU.Build.0 = Debug|Any CPU
		{C24C7150-AB2B-4C21-9769-44BFC6A99BF2}.Release|Any CPU.ActiveCfg = Release|Any CPU
		{C24C7150-AB2B-4C21-9769-44BFC6A99BF2}.Release|Any CPU.Build.0 = Release|Any CPU
	EndGlobalSection
	GlobalSection(SolutionProperties) = preSolution
		HideSolutionNode = FALSE
	EndGlobalSection
	GlobalSection(ExtensibilityGlobals) = postSolution
		SolutionGuid = {577CBD79-67E2-4C47-AF28-4B6095D9F347}
	EndGlobalSection
EndGlobal
